// !$*UTF8*$!
{
	archiveVersion = 1;
	classes = {
	};
	objectVersion = 46;
	objects = {

/* Begin PBXBuildFile section */
		A12BF3A61E5E0D6F005C810D /* JSONProcessing.swift in Sources */ = {isa = PBXBuildFile; fileRef = A12BF3A51E5E0D6F005C810D /* JSONProcessing.swift */; };
		A12BF3A81E5E165C005C810D /* Controllers.swift in Sources */ = {isa = PBXBuildFile; fileRef = A12BF3A71E5E165C005C810D /* Controllers.swift */; };
		A19734311E41114600FF80A8 /* AppDelegate.swift in Sources */ = {isa = PBXBuildFile; fileRef = A19734301E41114600FF80A8 /* AppDelegate.swift */; };
		A19734381E41114600FF80A8 /* Assets.xcassets in Resources */ = {isa = PBXBuildFile; fileRef = A19734371E41114600FF80A8 /* Assets.xcassets */; };
		A197343B1E41114600FF80A8 /* LaunchScreen.storyboard in Resources */ = {isa = PBXBuildFile; fileRef = A19734391E41114600FF80A8 /* LaunchScreen.storyboard */; };
		A19734461E425BC500FF80A8 /* Book.swift in Sources */ = {isa = PBXBuildFile; fileRef = A19734451E425BC500FF80A8 /* Book.swift */; };
		A19734481E43B08400FF80A8 /* AsyncData.swift in Sources */ = {isa = PBXBuildFile; fileRef = A19734471E43B08400FF80A8 /* AsyncData.swift */; };
		A197344E1E45D0FB00FF80A8 /* MultiDictionary.swift in Sources */ = {isa = PBXBuildFile; fileRef = A197344D1E45D0FB00FF80A8 /* MultiDictionary.swift */; };
		A19734501E45E01200FF80A8 /* Library.swift in Sources */ = {isa = PBXBuildFile; fileRef = A197344F1E45E01200FF80A8 /* Library.swift */; };
		A19734521E45E0C700FF80A8 /* Tags.swift in Sources */ = {isa = PBXBuildFile; fileRef = A19734511E45E0C700FF80A8 /* Tags.swift */; };
		A1A26CB31E475706005B71D3 /* BookViewController.swift in Sources */ = {isa = PBXBuildFile; fileRef = A1A26CB11E475706005B71D3 /* BookViewController.swift */; };
		A1A26CB41E475706005B71D3 /* BookViewController.xib in Resources */ = {isa = PBXBuildFile; fileRef = A1A26CB21E475706005B71D3 /* BookViewController.xib */; };
		A1A26CB91E47863B005B71D3 /* ic_star_2x.png in Resources */ = {isa = PBXBuildFile; fileRef = A1A26CB61E47863B005B71D3 /* ic_star_2x.png */; };
		A1A26CBA1E47863B005B71D3 /* ic_star_3x.png in Resources */ = {isa = PBXBuildFile; fileRef = A1A26CB71E47863B005B71D3 /* ic_star_3x.png */; };
		A1A26CBB1E47863B005B71D3 /* ic_star.png in Resources */ = {isa = PBXBuildFile; fileRef = A1A26CB81E47863B005B71D3 /* ic_star.png */; };
		A1A26CC51E47868A005B71D3 /* ic_star_border_2x.png in Resources */ = {isa = PBXBuildFile; fileRef = A1A26CC21E47868A005B71D3 /* ic_star_border_2x.png */; };
		A1A26CC61E47868A005B71D3 /* ic_star_border_3x.png in Resources */ = {isa = PBXBuildFile; fileRef = A1A26CC31E47868A005B71D3 /* ic_star_border_3x.png */; };
		A1A26CC71E47868A005B71D3 /* ic_star_border.png in Resources */ = {isa = PBXBuildFile; fileRef = A1A26CC41E47868A005B71D3 /* ic_star_border.png */; };
		A1A26CC91E478AB6005B71D3 /* Books_Icon.png in Resources */ = {isa = PBXBuildFile; fileRef = A1A26CC81E478AB6005B71D3 /* Books_Icon.png */; };
		A1A26CCB1E4794D0005B71D3 /* LibraryTableViewController.swift in Sources */ = {isa = PBXBuildFile; fileRef = A1A26CCA1E4794D0005B71D3 /* LibraryTableViewController.swift */; };
		A1A26CCF1E479536005B71D3 /* BookViewCell.swift in Sources */ = {isa = PBXBuildFile; fileRef = A1A26CCD1E479536005B71D3 /* BookViewCell.swift */; };
		A1A26CD01E479536005B71D3 /* BookViewCell.xib in Resources */ = {isa = PBXBuildFile; fileRef = A1A26CCE1E479536005B71D3 /* BookViewCell.xib */; };
		A1A26CD31E4A4FBB005B71D3 /* PDFViewController.swift in Sources */ = {isa = PBXBuildFile; fileRef = A1A26CD11E4A4FBB005B71D3 /* PDFViewController.swift */; };
		A1A26CD41E4A4FBB005B71D3 /* PDFViewController.xib in Resources */ = {isa = PBXBuildFile; fileRef = A1A26CD21E4A4FBB005B71D3 /* PDFViewController.xib */; };
		A1A26CD81E4A78E9005B71D3 /* default_pdf.pdf in Resources */ = {isa = PBXBuildFile; fileRef = A1A26CD71E4A78E9005B71D3 /* default_pdf.pdf */; };
		A1A26CDA1E4A79DE005B71D3 /* Main.storyboard in Resources */ = {isa = PBXBuildFile; fileRef = A1A26CD91E4A79DE005B71D3 /* Main.storyboard */; };
/* End PBXBuildFile section */

/* Begin PBXFileReference section */
		A12BF3A51E5E0D6F005C810D /* JSONProcessing.swift */ = {isa = PBXFileReference; fileEncoding = 4; lastKnownFileType = sourcecode.swift; path = JSONProcessing.swift; sourceTree = "<group>"; };
		A12BF3A71E5E165C005C810D /* Controllers.swift */ = {isa = PBXFileReference; fileEncoding = 4; lastKnownFileType = sourcecode.swift; path = Controllers.swift; sourceTree = "<group>"; };
		A197342D1E41114600FF80A8 /* HackerBooks.app */ = {isa = PBXFileReference; explicitFileType = wrapper.application; includeInIndex = 0; path = HackerBooks.app; sourceTree = BUILT_PRODUCTS_DIR; };
		A19734301E41114600FF80A8 /* AppDelegate.swift */ = {isa = PBXFileReference; lastKnownFileType = sourcecode.swift; path = AppDelegate.swift; sourceTree = "<group>"; };
		A19734371E41114600FF80A8 /* Assets.xcassets */ = {isa = PBXFileReference; lastKnownFileType = folder.assetcatalog; path = Assets.xcassets; sourceTree = "<group>"; };
		A197343A1E41114600FF80A8 /* Base */ = {isa = PBXFileReference; lastKnownFileType = file.storyboard; name = Base; path = Base.lproj/LaunchScreen.storyboard; sourceTree = "<group>"; };
		A197343C1E41114600FF80A8 /* Info.plist */ = {isa = PBXFileReference; lastKnownFileType = text.plist.xml; path = Info.plist; sourceTree = "<group>"; };
		A19734451E425BC500FF80A8 /* Book.swift */ = {isa = PBXFileReference; fileEncoding = 4; lastKnownFileType = sourcecode.swift; path = Book.swift; sourceTree = "<group>"; };
		A19734471E43B08400FF80A8 /* AsyncData.swift */ = {isa = PBXFileReference; fileEncoding = 4; lastKnownFileType = sourcecode.swift; path = AsyncData.swift; sourceTree = "<group>"; };
		A197344D1E45D0FB00FF80A8 /* MultiDictionary.swift */ = {isa = PBXFileReference; fileEncoding = 4; lastKnownFileType = sourcecode.swift; path = MultiDictionary.swift; sourceTree = "<group>"; };
		A197344F1E45E01200FF80A8 /* Library.swift */ = {isa = PBXFileReference; fileEncoding = 4; lastKnownFileType = sourcecode.swift; path = Library.swift; sourceTree = "<group>"; };
		A19734511E45E0C700FF80A8 /* Tags.swift */ = {isa = PBXFileReference; fileEncoding = 4; lastKnownFileType = sourcecode.swift; path = Tags.swift; sourceTree = "<group>"; };
		A1A26CB11E475706005B71D3 /* BookViewController.swift */ = {isa = PBXFileReference; fileEncoding = 4; lastKnownFileType = sourcecode.swift; path = BookViewController.swift; sourceTree = "<group>"; };
		A1A26CB21E475706005B71D3 /* BookViewController.xib */ = {isa = PBXFileReference; fileEncoding = 4; lastKnownFileType = file.xib; path = BookViewController.xib; sourceTree = "<group>"; };
		A1A26CB61E47863B005B71D3 /* ic_star_2x.png */ = {isa = PBXFileReference; lastKnownFileType = image.png; name = ic_star_2x.png; path = ../../../Downloads/ic_star_black_24dp/ios/ic_star.imageset/ic_star_2x.png; sourceTree = "<group>"; };
		A1A26CB71E47863B005B71D3 /* ic_star_3x.png */ = {isa = PBXFileReference; lastKnownFileType = image.png; name = ic_star_3x.png; path = ../../../Downloads/ic_star_black_24dp/ios/ic_star.imageset/ic_star_3x.png; sourceTree = "<group>"; };
		A1A26CB81E47863B005B71D3 /* ic_star.png */ = {isa = PBXFileReference; lastKnownFileType = image.png; name = ic_star.png; path = ../../../Downloads/ic_star_black_24dp/ios/ic_star.imageset/ic_star.png; sourceTree = "<group>"; };
		A1A26CC21E47868A005B71D3 /* ic_star_border_2x.png */ = {isa = PBXFileReference; lastKnownFileType = image.png; path = ic_star_border_2x.png; sourceTree = "<group>"; };
		A1A26CC31E47868A005B71D3 /* ic_star_border_3x.png */ = {isa = PBXFileReference; lastKnownFileType = image.png; path = ic_star_border_3x.png; sourceTree = "<group>"; };
		A1A26CC41E47868A005B71D3 /* ic_star_border.png */ = {isa = PBXFileReference; lastKnownFileType = image.png; path = ic_star_border.png; sourceTree = "<group>"; };
		A1A26CC81E478AB6005B71D3 /* Books_Icon.png */ = {isa = PBXFileReference; lastKnownFileType = image.png; path = Books_Icon.png; sourceTree = "<group>"; };
		A1A26CCA1E4794D0005B71D3 /* LibraryTableViewController.swift */ = {isa = PBXFileReference; fileEncoding = 4; lastKnownFileType = sourcecode.swift; path = LibraryTableViewController.swift; sourceTree = "<group>"; };
		A1A26CCD1E479536005B71D3 /* BookViewCell.swift */ = {isa = PBXFileReference; fileEncoding = 4; lastKnownFileType = sourcecode.swift; path = BookViewCell.swift; sourceTree = "<group>"; };
		A1A26CCE1E479536005B71D3 /* BookViewCell.xib */ = {isa = PBXFileReference; fileEncoding = 4; lastKnownFileType = file.xib; path = BookViewCell.xib; sourceTree = "<group>"; };
		A1A26CD11E4A4FBB005B71D3 /* PDFViewController.swift */ = {isa = PBXFileReference; fileEncoding = 4; lastKnownFileType = sourcecode.swift; path = PDFViewController.swift; sourceTree = "<group>"; };
		A1A26CD21E4A4FBB005B71D3 /* PDFViewController.xib */ = {isa = PBXFileReference; fileEncoding = 4; lastKnownFileType = file.xib; path = PDFViewController.xib; sourceTree = "<group>"; };
		A1A26CD71E4A78E9005B71D3 /* default_pdf.pdf */ = {isa = PBXFileReference; lastKnownFileType = image.pdf; path = default_pdf.pdf; sourceTree = "<group>"; };
		A1A26CD91E4A79DE005B71D3 /* Main.storyboard */ = {isa = PBXFileReference; fileEncoding = 4; lastKnownFileType = file.storyboard; path = Main.storyboard; sourceTree = "<group>"; };
/* End PBXFileReference section */

/* Begin PBXFrameworksBuildPhase section */
		A197342A1E41114600FF80A8 /* Frameworks */ = {
			isa = PBXFrameworksBuildPhase;
			buildActionMask = 2147483647;
			files = (
			);
			runOnlyForDeploymentPostprocessing = 0;
		};
/* End PBXFrameworksBuildPhase section */

/* Begin PBXGroup section */
		A19734241E41114600FF80A8 = {
			isa = PBXGroup;
			children = (
				A197342F1E41114600FF80A8 /* HackerBooks */,
				A197342E1E41114600FF80A8 /* Products */,
			);
			sourceTree = "<group>";
		};
		A197342E1E41114600FF80A8 /* Products */ = {
			isa = PBXGroup;
			children = (
				A197342D1E41114600FF80A8 /* HackerBooks.app */,
			);
			name = Products;
			sourceTree = "<group>";
		};
		A197342F1E41114600FF80A8 /* HackerBooks */ = {
			isa = PBXGroup;
			children = (
				A19734431E41123300FF80A8 /* Frameworks */,
				A19734421E41122600FF80A8 /* App */,
			);
			path = HackerBooks;
			sourceTree = "<group>";
		};
		A19734421E41122600FF80A8 /* App */ = {
			isa = PBXGroup;
			children = (
				A19734301E41114600FF80A8 /* AppDelegate.swift */,
				A19734441E425BB700FF80A8 /* Models */,
				A1A26CCC1E479509005B71D3 /* Views */,
				A1A26CB01E474C59005B71D3 /* Controllers */,
				A1A26CB51E47862C005B71D3 /* Resources */,
				A19734371E41114600FF80A8 /* Assets.xcassets */,
				A19734391E41114600FF80A8 /* LaunchScreen.storyboard */,
				A197343C1E41114600FF80A8 /* Info.plist */,
			);
			name = App;
			sourceTree = "<group>";
		};
		A19734431E41123300FF80A8 /* Frameworks */ = {
			isa = PBXGroup;
			children = (
				A197344D1E45D0FB00FF80A8 /* MultiDictionary.swift */,
				A19734471E43B08400FF80A8 /* AsyncData.swift */,
			);
			name = Frameworks;
			sourceTree = "<group>";
		};
		A19734441E425BB700FF80A8 /* Models */ = {
			isa = PBXGroup;
			children = (
				A19734451E425BC500FF80A8 /* Book.swift */,
				A197344F1E45E01200FF80A8 /* Library.swift */,
				A19734511E45E0C700FF80A8 /* Tags.swift */,
				A12BF3A51E5E0D6F005C810D /* JSONProcessing.swift */,
			);
			name = Models;
			sourceTree = "<group>";
		};
		A1A26CB01E474C59005B71D3 /* Controllers */ = {
			isa = PBXGroup;
			children = (
				A12BF3A71E5E165C005C810D /* Controllers.swift */,
				A1A26CB11E475706005B71D3 /* BookViewController.swift */,
				A1A26CB21E475706005B71D3 /* BookViewController.xib */,
				A1A26CCA1E4794D0005B71D3 /* LibraryTableViewController.swift */,
				A1A26CD11E4A4FBB005B71D3 /* PDFViewController.swift */,
				A1A26CD21E4A4FBB005B71D3 /* PDFViewController.xib */,
			);
			name = Controllers;
			sourceTree = "<group>";
		};
		A1A26CB51E47862C005B71D3 /* Resources */ = {
			isa = PBXGroup;
			children = (
				A1A26CD71E4A78E9005B71D3 /* default_pdf.pdf */,
				A1A26CC81E478AB6005B71D3 /* Books_Icon.png */,
				A1A26CC21E47868A005B71D3 /* ic_star_border_2x.png */,
				A1A26CC31E47868A005B71D3 /* ic_star_border_3x.png */,
				A1A26CC41E47868A005B71D3 /* ic_star_border.png */,
				A1A26CB61E47863B005B71D3 /* ic_star_2x.png */,
				A1A26CB71E47863B005B71D3 /* ic_star_3x.png */,
				A1A26CB81E47863B005B71D3 /* ic_star.png */,
			);
			name = Resources;
			sourceTree = "<group>";
		};
		A1A26CCC1E479509005B71D3 /* Views */ = {
			isa = PBXGroup;
			children = (
				A1A26CD91E4A79DE005B71D3 /* Main.storyboard */,
				A1A26CCD1E479536005B71D3 /* BookViewCell.swift */,
				A1A26CCE1E479536005B71D3 /* BookViewCell.xib */,
			);
			name = Views;
			sourceTree = "<group>";
		};
/* End PBXGroup section */

/* Begin PBXNativeTarget section */
		A197342C1E41114600FF80A8 /* HackerBooks */ = {
			isa = PBXNativeTarget;
			buildConfigurationList = A197343F1E41114600FF80A8 /* Build configuration list for PBXNativeTarget "HackerBooks" */;
			buildPhases = (
				A19734291E41114600FF80A8 /* Sources */,
				A197342A1E41114600FF80A8 /* Frameworks */,
				A197342B1E41114600FF80A8 /* Resources */,
			);
			buildRules = (
			);
			dependencies = (
			);
			name = HackerBooks;
			productName = HackerBooks;
			productReference = A197342D1E41114600FF80A8 /* HackerBooks.app */;
			productType = "com.apple.product-type.application";
		};
/* End PBXNativeTarget section */

/* Begin PBXProject section */
		A19734251E41114600FF80A8 /* Project object */ = {
			isa = PBXProject;
			attributes = {
				LastSwiftUpdateCheck = 0820;
				LastUpgradeCheck = 0820;
				ORGANIZATIONNAME = "Fran Lucena";
				TargetAttributes = {
					A197342C1E41114600FF80A8 = {
						CreatedOnToolsVersion = 8.2.1;
						DevelopmentTeam = ZJB52HYPRJ;
						ProvisioningStyle = Automatic;
					};
				};
			};
			buildConfigurationList = A19734281E41114600FF80A8 /* Build configuration list for PBXProject "HackerBooks" */;
			compatibilityVersion = "Xcode 3.2";
			developmentRegion = English;
			hasScannedForEncodings = 0;
			knownRegions = (
				en,
				Base,
			);
			mainGroup = A19734241E41114600FF80A8;
			productRefGroup = A197342E1E41114600FF80A8 /* Products */;
			projectDirPath = "";
			projectRoot = "";
			targets = (
				A197342C1E41114600FF80A8 /* HackerBooks */,
			);
		};
/* End PBXProject section */

/* Begin PBXResourcesBuildPhase section */
		A197342B1E41114600FF80A8 /* Resources */ = {
			isa = PBXResourcesBuildPhase;
			buildActionMask = 2147483647;
			files = (
				A197343B1E41114600FF80A8 /* LaunchScreen.storyboard in Resources */,
				A1A26CC51E47868A005B71D3 /* ic_star_border_2x.png in Resources */,
				A1A26CD81E4A78E9005B71D3 /* default_pdf.pdf in Resources */,
				A1A26CBB1E47863B005B71D3 /* ic_star.png in Resources */,
				A1A26CC71E47868A005B71D3 /* ic_star_border.png in Resources */,
				A19734381E41114600FF80A8 /* Assets.xcassets in Resources */,
				A1A26CC61E47868A005B71D3 /* ic_star_border_3x.png in Resources */,
				A1A26CDA1E4A79DE005B71D3 /* Main.storyboard in Resources */,
				A1A26CB41E475706005B71D3 /* BookViewController.xib in Resources */,
				A1A26CD41E4A4FBB005B71D3 /* PDFViewController.xib in Resources */,
				A1A26CBA1E47863B005B71D3 /* ic_star_3x.png in Resources */,
				A1A26CB91E47863B005B71D3 /* ic_star_2x.png in Resources */,
				A1A26CD01E479536005B71D3 /* BookViewCell.xib in Resources */,
				A1A26CC91E478AB6005B71D3 /* Books_Icon.png in Resources */,
			);
			runOnlyForDeploymentPostprocessing = 0;
		};
/* End PBXResourcesBuildPhase section */

/* Begin PBXSourcesBuildPhase section */
		A19734291E41114600FF80A8 /* Sources */ = {
			isa = PBXSourcesBuildPhase;
			buildActionMask = 2147483647;
			files = (
				A19734311E41114600FF80A8 /* AppDelegate.swift in Sources */,
				A12BF3A61E5E0D6F005C810D /* JSONProcessing.swift in Sources */,
				A19734481E43B08400FF80A8 /* AsyncData.swift in Sources */,
				A197344E1E45D0FB00FF80A8 /* MultiDictionary.swift in Sources */,
				A1A26CCF1E479536005B71D3 /* BookViewCell.swift in Sources */,
				A1A26CB31E475706005B71D3 /* BookViewController.swift in Sources */,
				A1A26CD31E4A4FBB005B71D3 /* PDFViewController.swift in Sources */,
				A12BF3A81E5E165C005C810D /* Controllers.swift in Sources */,
				A19734501E45E01200FF80A8 /* Library.swift in Sources */,
				A19734521E45E0C700FF80A8 /* Tags.swift in Sources */,
				A1A26CCB1E4794D0005B71D3 /* LibraryTableViewController.swift in Sources */,
				A19734461E425BC500FF80A8 /* Book.swift in Sources */,
			);
			runOnlyForDeploymentPostprocessing = 0;
		};
/* End PBXSourcesBuildPhase section */

/* Begin PBXVariantGroup section */
		A19734391E41114600FF80A8 /* LaunchScreen.storyboard */ = {
			isa = PBXVariantGroup;
			children = (
				A197343A1E41114600FF80A8 /* Base */,
			);
			name = LaunchScreen.storyboard;
			sourceTree = "<group>";
		};
/* End PBXVariantGroup section */

/* Begin XCBuildConfiguration section */
		A197343D1E41114600FF80A8 /* Debug */ = {
			isa = XCBuildConfiguration;
			buildSettings = {
				ALWAYS_SEARCH_USER_PATHS = NO;
				CLANG_ANALYZER_NONNULL = YES;
				CLANG_CXX_LANGUAGE_STANDARD = "gnu++0x";
				CLANG_CXX_LIBRARY = "libc++";
				CLANG_ENABLE_MODULES = YES;
				CLANG_ENABLE_OBJC_ARC = YES;
				CLANG_WARN_BOOL_CONVERSION = YES;
				CLANG_WARN_CONSTANT_CONVERSION = YES;
				CLANG_WARN_DIRECT_OBJC_ISA_USAGE = YES_ERROR;
				CLANG_WARN_DOCUMENTATION_COMMENTS = YES;
				CLANG_WARN_EMPTY_BODY = YES;
				CLANG_WARN_ENUM_CONVERSION = YES;
				CLANG_WARN_INFINITE_RECURSION = YES;
				CLANG_WARN_INT_CONVERSION = YES;
				CLANG_WARN_OBJC_ROOT_CLASS = YES_ERROR;
				CLANG_WARN_SUSPICIOUS_MOVE = YES;
				CLANG_WARN_UNREACHABLE_CODE = YES;
				CLANG_WARN__DUPLICATE_METHOD_MATCH = YES;
				"CODE_SIGN_IDENTITY[sdk=iphoneos*]" = "iPhone Developer";
				COPY_PHASE_STRIP = NO;
				DEBUG_INFORMATION_FORMAT = dwarf;
				ENABLE_STRICT_OBJC_MSGSEND = YES;
				ENABLE_TESTABILITY = YES;
				GCC_C_LANGUAGE_STANDARD = gnu99;
				GCC_DYNAMIC_NO_PIC = NO;
				GCC_NO_COMMON_BLOCKS = YES;
				GCC_OPTIMIZATION_LEVEL = 0;
				GCC_PREPROCESSOR_DEFINITIONS = (
					"DEBUG=1",
					"$(inherited)",
				);
				GCC_WARN_64_TO_32_BIT_CONVERSION = YES;
				GCC_WARN_ABOUT_RETURN_TYPE = YES_ERROR;
				GCC_WARN_UNDECLARED_SELECTOR = YES;
				GCC_WARN_UNINITIALIZED_AUTOS = YES_AGGRESSIVE;
				GCC_WARN_UNUSED_FUNCTION = YES;
				GCC_WARN_UNUSED_VARIABLE = YES;
				IPHONEOS_DEPLOYMENT_TARGET = 10.2;
				MTL_ENABLE_DEBUG_INFO = YES;
				ONLY_ACTIVE_ARCH = YES;
				SDKROOT = iphoneos;
				SWIFT_ACTIVE_COMPILATION_CONDITIONS = DEBUG;
				SWIFT_OPTIMIZATION_LEVEL = "-Onone";
			};
			name = Debug;
		};
		A197343E1E41114600FF80A8 /* Release */ = {
			isa = XCBuildConfiguration;
			buildSettings = {
				ALWAYS_SEARCH_USER_PATHS = NO;
				CLANG_ANALYZER_NONNULL = YES;
				CLANG_CXX_LANGUAGE_STANDARD = "gnu++0x";
				CLANG_CXX_LIBRARY = "libc++";
				CLANG_ENABLE_MODULES = YES;
				CLANG_ENABLE_OBJC_ARC = YES;
				CLANG_WARN_BOOL_CONVERSION = YES;
				CLANG_WARN_CONSTANT_CONVERSION = YES;
				CLANG_WARN_DIRECT_OBJC_ISA_USAGE = YES_ERROR;
				CLANG_WARN_DOCUMENTATION_COMMENTS = YES;
				CLANG_WARN_EMPTY_BODY = YES;
				CLANG_WARN_ENUM_CONVERSION = YES;
				CLANG_WARN_INFINITE_RECURSION = YES;
				CLANG_WARN_INT_CONVERSION = YES;
				CLANG_WARN_OBJC_ROOT_CLASS = YES_ERROR;
				CLANG_WARN_SUSPICIOUS_MOVE = YES;
				CLANG_WARN_UNREACHABLE_CODE = YES;
				CLANG_WARN__DUPLICATE_METHOD_MATCH = YES;
				"CODE_SIGN_IDENTITY[sdk=iphoneos*]" = "iPhone Developer";
				COPY_PHASE_STRIP = NO;
				DEBUG_INFORMATION_FORMAT = "dwarf-with-dsym";
				ENABLE_NS_ASSERTIONS = NO;
				ENABLE_STRICT_OBJC_MSGSEND = YES;
				GCC_C_LANGUAGE_STANDARD = gnu99;
				GCC_NO_COMMON_BLOCKS = YES;
				GCC_WARN_64_TO_32_BIT_CONVERSION = YES;
				GCC_WARN_ABOUT_RETURN_TYPE = YES_ERROR;
				GCC_WARN_UNDECLARED_SELECTOR = YES;
				GCC_WARN_UNINITIALIZED_AUTOS = YES_AGGRESSIVE;
				GCC_WARN_UNUSED_FUNCTION = YES;
				GCC_WARN_UNUSED_VARIABLE = YES;
				IPHONEOS_DEPLOYMENT_TARGET = 10.2;
				MTL_ENABLE_DEBUG_INFO = NO;
				SDKROOT = iphoneos;
				SWIFT_OPTIMIZATION_LEVEL = "-Owholemodule";
				VALIDATE_PRODUCT = YES;
			};
			name = Release;
		};
		A19734401E41114600FF80A8 /* Debug */ = {
			isa = XCBuildConfiguration;
			buildSettings = {
				ASSETCATALOG_COMPILER_APPICON_NAME = AppIcon;
				DEVELOPMENT_TEAM = ZJB52HYPRJ;
				INFOPLIST_FILE = HackerBooks/Info.plist;
				LD_RUNPATH_SEARCH_PATHS = "$(inherited) @executable_path/Frameworks";
				PRODUCT_BUNDLE_IDENTIFIER = com.franlucenadejuan.HackerBooks;
				PRODUCT_NAME = "$(TARGET_NAME)";
				SWIFT_VERSION = 3.0;
				TARGETED_DEVICE_FAMILY = "1,2";
			};
			name = Debug;
		};
		A19734411E41114600FF80A8 /* Release */ = {
			isa = XCBuildConfiguration;
			buildSettings = {
				ASSETCATALOG_COMPILER_APPICON_NAME = AppIcon;
				DEVELOPMENT_TEAM = ZJB52HYPRJ;
				INFOPLIST_FILE = HackerBooks/Info.plist;
				LD_RUNPATH_SEARCH_PATHS = "$(inherited) @executable_path/Frameworks";
				PRODUCT_BUNDLE_IDENTIFIER = com.franlucenadejuan.HackerBooks;
				PRODUCT_NAME = "$(TARGET_NAME)";
				SWIFT_VERSION = 3.0;
				TARGETED_DEVICE_FAMILY = "1,2";
			};
			name = Release;
		};
/* End XCBuildConfiguration section */

/* Begin XCConfigurationList section */
		A19734281E41114600FF80A8 /* Build configuration list for PBXProject "HackerBooks" */ = {
			isa = XCConfigurationList;
			buildConfigurations = (
				A197343D1E41114600FF80A8 /* Debug */,
				A197343E1E41114600FF80A8 /* Release */,
			);
			defaultConfigurationIsVisible = 0;
			defaultConfigurationName = Release;
		};
		A197343F1E41114600FF80A8 /* Build configuration list for PBXNativeTarget "HackerBooks" */ = {
			isa = XCConfigurationList;
			buildConfigurations = (
				A19734401E41114600FF80A8 /* Debug */,
				A19734411E41114600FF80A8 /* Release */,
			);
			defaultConfigurationIsVisible = 0;
			defaultConfigurationName = Release;
		};
/* End XCConfigurationList section */
	};
	rootObject = A19734251E41114600FF80A8 /* Project object */;
}
